lockfileVersion: '9.0'

settings:
  autoInstallPeers: true
  excludeLinksFromLockfile: false

importers:

  .: {}

  apps/ambient-worker: {}

  apps/game-api: {}

  apps/recovery-worker: {}

  apps/web: {}

  infrastructure: {}

  packages/browser-config: {}

  packages/http-contracts: {}

  packages/model-contracts: {}

  packages/runtime-config: {}

  packages/serialization: {}

  packages/test-support: {}
